// !$*UTF8*$!
{
	archiveVersion = 1;
	classes = {
	};
	objectVersion = 56;
	objects = {

/* Begin PBXBuildFile section */
		050F68592C08B34F00A42AB4 /* InspirationQuoteApp.swift in Sources */ = {isa = PBXBuildFile; fileRef = 050F68582C08B34F00A42AB4 /* InspirationQuoteApp.swift */; };
		050F685B2C08B34F00A42AB4 /* QuotesTabView.swift in Sources */ = {isa = PBXBuildFile; fileRef = 050F685A2C08B34F00A42AB4 /* QuotesTabView.swift */; };
		050F685D2C08B35000A42AB4 /* Assets.xcassets in Resources */ = {isa = PBXBuildFile; fileRef = 050F685C2C08B35000A42AB4 /* Assets.xcassets */; };
		050F68602C08B35000A42AB4 /* Preview Assets.xcassets in Resources */ = {isa = PBXBuildFile; fileRef = 050F685F2C08B35000A42AB4 /* Preview Assets.xcassets */; };
		050F68672C08B3F200A42AB4 /* DailyQuoteView.swift in Sources */ = {isa = PBXBuildFile; fileRef = 050F68662C08B3F200A42AB4 /* DailyQuoteView.swift */; };
		050F68692C08B63E00A42AB4 /* NetworkManager.swift in Sources */ = {isa = PBXBuildFile; fileRef = 050F68682C08B63E00A42AB4 /* NetworkManager.swift */; };
		050F686B2C08B69B00A42AB4 /* Quote.swift in Sources */ = {isa = PBXBuildFile; fileRef = 050F686A2C08B69B00A42AB4 /* Quote.swift */; };
		050F686D2C08B7BA00A42AB4 /* NetworkError.swift in Sources */ = {isa = PBXBuildFile; fileRef = 050F686C2C08B7BA00A42AB4 /* NetworkError.swift */; };
		050F686F2C08B97000A42AB4 /* AlertItem.swift in Sources */ = {isa = PBXBuildFile; fileRef = 050F686E2C08B97000A42AB4 /* AlertItem.swift */; };
		050F68712C08C06A00A42AB4 /* RandomQuoteView.swift in Sources */ = {isa = PBXBuildFile; fileRef = 050F68702C08C06A00A42AB4 /* RandomQuoteView.swift */; };
		050F68732C08C39C00A42AB4 /* QuoteViewModel.swift in Sources */ = {isa = PBXBuildFile; fileRef = 050F68722C08C39C00A42AB4 /* QuoteViewModel.swift */; };
		050F687B2C08CB9C00A42AB4 /* QuoteView.swift in Sources */ = {isa = PBXBuildFile; fileRef = 050F687A2C08CB9C00A42AB4 /* QuoteView.swift */; };
/* End PBXBuildFile section */

/* Begin PBXFileReference section */
		050F68552C08B34F00A42AB4 /* InspirationQuote.app */ = {isa = PBXFileReference; explicitFileType = wrapper.application; includeInIndex = 0; path = InspirationQuote.app; sourceTree = BUILT_PRODUCTS_DIR; };
		050F68582C08B34F00A42AB4 /* InspirationQuoteApp.swift */ = {isa = PBXFileReference; lastKnownFileType = sourcecode.swift; path = InspirationQuoteApp.swift; sourceTree = "<group>"; };
		050F685A2C08B34F00A42AB4 /* QuotesTabView.swift */ = {isa = PBXFileReference; lastKnownFileType = sourcecode.swift; path = QuotesTabView.swift; sourceTree = "<group>"; };
		050F685C2C08B35000A42AB4 /* Assets.xcassets */ = {isa = PBXFileReference; lastKnownFileType = folder.assetcatalog; path = Assets.xcassets; sourceTree = "<group>"; };
		050F685F2C08B35000A42AB4 /* Preview Assets.xcassets */ = {isa = PBXFileReference; lastKnownFileType = folder.assetcatalog; path = "Preview Assets.xcassets"; sourceTree = "<group>"; };
		050F68662C08B3F200A42AB4 /* DailyQuoteView.swift */ = {isa = PBXFileReference; lastKnownFileType = sourcecode.swift; path = DailyQuoteView.swift; sourceTree = "<group>"; };
		050F68682C08B63E00A42AB4 /* NetworkManager.swift */ = {isa = PBXFileReference; lastKnownFileType = sourcecode.swift; path = NetworkManager.swift; sourceTree = "<group>"; };
		050F686A2C08B69B00A42AB4 /* Quote.swift */ = {isa = PBXFileReference; lastKnownFileType = sourcecode.swift; path = Quote.swift; sourceTree = "<group>"; };
		050F686C2C08B7BA00A42AB4 /* NetworkError.swift */ = {isa = PBXFileReference; lastKnownFileType = sourcecode.swift; path = NetworkError.swift; sourceTree = "<group>"; };
		050F686E2C08B97000A42AB4 /* AlertItem.swift */ = {isa = PBXFileReference; lastKnownFileType = sourcecode.swift; path = AlertItem.swift; sourceTree = "<group>"; };
		050F68702C08C06A00A42AB4 /* RandomQuoteView.swift */ = {isa = PBXFileReference; lastKnownFileType = sourcecode.swift; path = RandomQuoteView.swift; sourceTree = "<group>"; };
		050F68722C08C39C00A42AB4 /* QuoteViewModel.swift */ = {isa = PBXFileReference; lastKnownFileType = sourcecode.swift; path = QuoteViewModel.swift; sourceTree = "<group>"; };
		050F687A2C08CB9C00A42AB4 /* QuoteView.swift */ = {isa = PBXFileReference; lastKnownFileType = sourcecode.swift; path = QuoteView.swift; sourceTree = "<group>"; };
/* End PBXFileReference section */

/* Begin PBXFrameworksBuildPhase section */
		050F68522C08B34F00A42AB4 /* Frameworks */ = {
			isa = PBXFrameworksBuildPhase;
			buildActionMask = 2147483647;
			files = (
			);
			runOnlyForDeploymentPostprocessing = 0;
		};
/* End PBXFrameworksBuildPhase section */

/* Begin PBXGroup section */
		050F684C2C08B34F00A42AB4 = {
			isa = PBXGroup;
			children = (
				050F68572C08B34F00A42AB4 /* InspirationQuote */,
				050F68562C08B34F00A42AB4 /* Products */,
			);
			sourceTree = "<group>";
		};
		050F68562C08B34F00A42AB4 /* Products */ = {
			isa = PBXGroup;
			children = (
				050F68552C08B34F00A42AB4 /* InspirationQuote.app */,
			);
			name = Products;
			sourceTree = "<group>";
		};
		050F68572C08B34F00A42AB4 /* InspirationQuote */ = {
			isa = PBXGroup;
			children = (
				050F68782C08CAFA00A42AB4 /* Views */,
				050F68772C08CAEC00A42AB4 /* Models */,
				050F68742C08CA8A00A42AB4 /* Utilities */,
				050F68582C08B34F00A42AB4 /* InspirationQuoteApp.swift */,
				050F685C2C08B35000A42AB4 /* Assets.xcassets */,
				050F685E2C08B35000A42AB4 /* Preview Content */,
			);
			path = InspirationQuote;
			sourceTree = "<group>";
		};
		050F685E2C08B35000A42AB4 /* Preview Content */ = {
			isa = PBXGroup;
			children = (
				050F685F2C08B35000A42AB4 /* Preview Assets.xcassets */,
			);
			path = "Preview Content";
			sourceTree = "<group>";
		};
		050F68742C08CA8A00A42AB4 /* Utilities */ = {
			isa = PBXGroup;
			children = (
				050F68762C08CAD200A42AB4 /* Alerts */,
				050F68752C08CA9800A42AB4 /* Managers */,
			);
			path = Utilities;
			sourceTree = "<group>";
		};
		050F68752C08CA9800A42AB4 /* Managers */ = {
			isa = PBXGroup;
			children = (
				050F68682C08B63E00A42AB4 /* NetworkManager.swift */,
			);
			path = Managers;
			sourceTree = "<group>";
		};
		050F68762C08CAD200A42AB4 /* Alerts */ = {
			isa = PBXGroup;
			children = (
				050F686C2C08B7BA00A42AB4 /* NetworkError.swift */,
				050F686E2C08B97000A42AB4 /* AlertItem.swift */,
			);
			path = Alerts;
			sourceTree = "<group>";
		};
		050F68772C08CAEC00A42AB4 /* Models */ = {
			isa = PBXGroup;
			children = (
				050F686A2C08B69B00A42AB4 /* Quote.swift */,
			);
			path = Models;
			sourceTree = "<group>";
		};
		050F68782C08CAFA00A42AB4 /* Views */ = {
			isa = PBXGroup;
			children = (
				050F687C2C08CCA300A42AB4 /* Components */,
				050F68792C08CB1100A42AB4 /* QuotesViews */,
				050F685A2C08B34F00A42AB4 /* QuotesTabView.swift */,
			);
			path = Views;
			sourceTree = "<group>";
		};
		050F68792C08CB1100A42AB4 /* QuotesViews */ = {
			isa = PBXGroup;
			children = (
				050F68722C08C39C00A42AB4 /* QuoteViewModel.swift */,
				050F68662C08B3F200A42AB4 /* DailyQuoteView.swift */,
				050F68702C08C06A00A42AB4 /* RandomQuoteView.swift */,
			);
			path = QuotesViews;
			sourceTree = "<group>";
		};
		050F687C2C08CCA300A42AB4 /* Components */ = {
			isa = PBXGroup;
			children = (
				050F687D2C08CCAA00A42AB4 /* Views */,
			);
			path = Components;
			sourceTree = "<group>";
		};
		050F687D2C08CCAA00A42AB4 /* Views */ = {
			isa = PBXGroup;
			children = (
				050F687A2C08CB9C00A42AB4 /* QuoteView.swift */,
			);
			path = Views;
			sourceTree = "<group>";
		};
/* End PBXGroup section */

/* Begin PBXNativeTarget section */
		050F68542C08B34F00A42AB4 /* InspirationQuote */ = {
			isa = PBXNativeTarget;
			buildConfigurationList = 050F68632C08B35000A42AB4 /* Build configuration list for PBXNativeTarget "InspirationQuote" */;
			buildPhases = (
				050F68512C08B34F00A42AB4 /* Sources */,
				050F68522C08B34F00A42AB4 /* Frameworks */,
				050F68532C08B34F00A42AB4 /* Resources */,
			);
			buildRules = (
			);
			dependencies = (
			);
			name = InspirationQuote;
			productName = InspirationQuote;
			productReference = 050F68552C08B34F00A42AB4 /* InspirationQuote.app */;
			productType = "com.apple.product-type.application";
		};
/* End PBXNativeTarget section */

/* Begin PBXProject section */
		050F684D2C08B34F00A42AB4 /* Project object */ = {
			isa = PBXProject;
			attributes = {
				BuildIndependentTargetsInParallel = 1;
				LastSwiftUpdateCheck = 1540;
				LastUpgradeCheck = 1540;
				TargetAttributes = {
					050F68542C08B34F00A42AB4 = {
						CreatedOnToolsVersion = 15.4;
					};
				};
			};
			buildConfigurationList = 050F68502C08B34F00A42AB4 /* Build configuration list for PBXProject "InspirationQuote" */;
			compatibilityVersion = "Xcode 14.0";
			developmentRegion = en;
			hasScannedForEncodings = 0;
			knownRegions = (
				en,
				Base,
			);
			mainGroup = 050F684C2C08B34F00A42AB4;
			productRefGroup = 050F68562C08B34F00A42AB4 /* Products */;
			projectDirPath = "";
			projectRoot = "";
			targets = (
				050F68542C08B34F00A42AB4 /* InspirationQuote */,
			);
		};
/* End PBXProject section */

/* Begin PBXResourcesBuildPhase section */
		050F68532C08B34F00A42AB4 /* Resources */ = {
			isa = PBXResourcesBuildPhase;
			buildActionMask = 2147483647;
			files = (
				050F68602C08B35000A42AB4 /* Preview Assets.xcassets in Resources */,
				050F685D2C08B35000A42AB4 /* Assets.xcassets in Resources */,
			);
			runOnlyForDeploymentPostprocessing = 0;
		};
/* End PBXResourcesBuildPhase section */

/* Begin PBXSourcesBuildPhase section */
		050F68512C08B34F00A42AB4 /* Sources */ = {
			isa = PBXSourcesBuildPhase;
			buildActionMask = 2147483647;
			files = (
				050F68732C08C39C00A42AB4 /* QuoteViewModel.swift in Sources */,
				050F687B2C08CB9C00A42AB4 /* QuoteView.swift in Sources */,
				050F68692C08B63E00A42AB4 /* NetworkManager.swift in Sources */,
				050F685B2C08B34F00A42AB4 /* QuotesTabView.swift in Sources */,
				050F68712C08C06A00A42AB4 /* RandomQuoteView.swift in Sources */,
				050F68672C08B3F200A42AB4 /* DailyQuoteView.swift in Sources */,
				050F686B2C08B69B00A42AB4 /* Quote.swift in Sources */,
				050F686D2C08B7BA00A42AB4 /* NetworkError.swift in Sources */,
				050F68592C08B34F00A42AB4 /* InspirationQuoteApp.swift in Sources */,
				050F686F2C08B97000A42AB4 /* AlertItem.swift in Sources */,
			);
			runOnlyForDeploymentPostprocessing = 0;
		};
/* End PBXSourcesBuildPhase section */

/* Begin XCBuildConfiguration section */
		050F68612C08B35000A42AB4 /* Debug */ = {
			isa = XCBuildConfiguration;
			buildSettings = {
				ALWAYS_SEARCH_USER_PATHS = NO;
				ASSETCATALOG_COMPILER_GENERATE_SWIFT_ASSET_SYMBOL_EXTENSIONS = YES;
				CLANG_ANALYZER_NONNULL = YES;
				CLANG_ANALYZER_NUMBER_OBJECT_CONVERSION = YES_AGGRESSIVE;
				CLANG_CXX_LANGUAGE_STANDARD = "gnu++20";
				CLANG_ENABLE_MODULES = YES;
				CLANG_ENABLE_OBJC_ARC = YES;
				CLANG_ENABLE_OBJC_WEAK = YES;
				CLANG_WARN_BLOCK_CAPTURE_AUTORELEASING = YES;
				CLANG_WARN_BOOL_CONVERSION = YES;
				CLANG_WARN_COMMA = YES;
				CLANG_WARN_CONSTANT_CONVERSION = YES;
				CLANG_WARN_DEPRECATED_OBJC_IMPLEMENTATIONS = YES;
				CLANG_WARN_DIRECT_OBJC_ISA_USAGE = YES_ERROR;
				CLANG_WARN_DOCUMENTATION_COMMENTS = YES;
				CLANG_WARN_EMPTY_BODY = YES;
				CLANG_WARN_ENUM_CONVERSION = YES;
				CLANG_WARN_INFINITE_RECURSION = YES;
				CLANG_WARN_INT_CONVERSION = YES;
				CLANG_WARN_NON_LITERAL_NULL_CONVERSION = YES;
				CLANG_WARN_OBJC_IMPLICIT_RETAIN_SELF = YES;
				CLANG_WARN_OBJC_LITERAL_CONVERSION = YES;
				CLANG_WARN_OBJC_ROOT_CLASS = YES_ERROR;
				CLANG_WARN_QUOTED_INCLUDE_IN_FRAMEWORK_HEADER = YES;
				CLANG_WARN_RANGE_LOOP_ANALYSIS = YES;
				CLANG_WARN_STRICT_PROTOTYPES = YES;
				CLANG_WARN_SUSPICIOUS_MOVE = YES;
				CLANG_WARN_UNGUARDED_AVAILABILITY = YES_AGGRESSIVE;
				CLANG_WARN_UNREACHABLE_CODE = YES;
				CLANG_WARN__DUPLICATE_METHOD_MATCH = YES;
				COPY_PHASE_STRIP = NO;
				DEBUG_INFORMATION_FORMAT = dwarf;
				ENABLE_STRICT_OBJC_MSGSEND = YES;
				ENABLE_TESTABILITY = YES;
				ENABLE_USER_SCRIPT_SANDBOXING = YES;
				GCC_C_LANGUAGE_STANDARD = gnu17;
				GCC_DYNAMIC_NO_PIC = NO;
				GCC_NO_COMMON_BLOCKS = YES;
				GCC_OPTIMIZATION_LEVEL = 0;
				GCC_PREPROCESSOR_DEFINITIONS = (
					"DEBUG=1",
					"$(inherited)",
				);
				GCC_WARN_64_TO_32_BIT_CONVERSION = YES;
				GCC_WARN_ABOUT_RETURN_TYPE = YES_ERROR;
				GCC_WARN_UNDECLARED_SELECTOR = YES;
				GCC_WARN_UNINITIALIZED_AUTOS = YES_AGGRESSIVE;
				GCC_WARN_UNUSED_FUNCTION = YES;
				GCC_WARN_UNUSED_VARIABLE = YES;
				IPHONEOS_DEPLOYMENT_TARGET = 17.5;
				LOCALIZATION_PREFERS_STRING_CATALOGS = YES;
				MTL_ENABLE_DEBUG_INFO = INCLUDE_SOURCE;
				MTL_FAST_MATH = YES;
				ONLY_ACTIVE_ARCH = YES;
				SDKROOT = iphoneos;
				SWIFT_ACTIVE_COMPILATION_CONDITIONS = "DEBUG $(inherited)";
				SWIFT_OPTIMIZATION_LEVEL = "-Onone";
			};
			name = Debug;
		};
		050F68622C08B35000A42AB4 /* Release */ = {
			isa = XCBuildConfiguration;
			buildSettings = {
				ALWAYS_SEARCH_USER_PATHS = NO;
				ASSETCATALOG_COMPILER_GENERATE_SWIFT_ASSET_SYMBOL_EXTENSIONS = YES;
				CLANG_ANALYZER_NONNULL = YES;
				CLANG_ANALYZER_NUMBER_OBJECT_CONVERSION = YES_AGGRESSIVE;
				CLANG_CXX_LANGUAGE_STANDARD = "gnu++20";
				CLANG_ENABLE_MODULES = YES;
				CLANG_ENABLE_OBJC_ARC = YES;
				CLANG_ENABLE_OBJC_WEAK = YES;
				CLANG_WARN_BLOCK_CAPTURE_AUTORELEASING = YES;
				CLANG_WARN_BOOL_CONVERSION = YES;
				CLANG_WARN_COMMA = YES;
				CLANG_WARN_CONSTANT_CONVERSION = YES;
				CLANG_WARN_DEPRECATED_OBJC_IMPLEMENTATIONS = YES;
				CLANG_WARN_DIRECT_OBJC_ISA_USAGE = YES_ERROR;
				CLANG_WARN_DOCUMENTATION_COMMENTS = YES;
				CLANG_WARN_EMPTY_BODY = YES;
				CLANG_WARN_ENUM_CONVERSION = YES;
				CLANG_WARN_INFINITE_RECURSION = YES;
				CLANG_WARN_INT_CONVERSION = YES;
				CLANG_WARN_NON_LITERAL_NULL_CONVERSION = YES;
				CLANG_WARN_OBJC_IMPLICIT_RETAIN_SELF = YES;
				CLANG_WARN_OBJC_LITERAL_CONVERSION = YES;
				CLANG_WARN_OBJC_ROOT_CLASS = YES_ERROR;
				CLANG_WARN_QUOTED_INCLUDE_IN_FRAMEWORK_HEADER = YES;
				CLANG_WARN_RANGE_LOOP_ANALYSIS = YES;
				CLANG_WARN_STRICT_PROTOTYPES = YES;
				CLANG_WARN_SUSPICIOUS_MOVE = YES;
				CLANG_WARN_UNGUARDED_AVAILABILITY = YES_AGGRESSIVE;
				CLANG_WARN_UNREACHABLE_CODE = YES;
				CLANG_WARN__DUPLICATE_METHOD_MATCH = YES;
				COPY_PHASE_STRIP = NO;
				DEBUG_INFORMATION_FORMAT = "dwarf-with-dsym";
				ENABLE_NS_ASSERTIONS = NO;
				ENABLE_STRICT_OBJC_MSGSEND = YES;
				ENABLE_USER_SCRIPT_SANDBOXING = YES;
				GCC_C_LANGUAGE_STANDARD = gnu17;
				GCC_NO_COMMON_BLOCKS = YES;
				GCC_WARN_64_TO_32_BIT_CONVERSION = YES;
				GCC_WARN_ABOUT_RETURN_TYPE = YES_ERROR;
				GCC_WARN_UNDECLARED_SELECTOR = YES;
				GCC_WARN_UNINITIALIZED_AUTOS = YES_AGGRESSIVE;
				GCC_WARN_UNUSED_FUNCTION = YES;
				GCC_WARN_UNUSED_VARIABLE = YES;
				IPHONEOS_DEPLOYMENT_TARGET = 17.5;
				LOCALIZATION_PREFERS_STRING_CATALOGS = YES;
				MTL_ENABLE_DEBUG_INFO = NO;
				MTL_FAST_MATH = YES;
				SDKROOT = iphoneos;
				SWIFT_COMPILATION_MODE = wholemodule;
				VALIDATE_PRODUCT = YES;
			};
			name = Release;
		};
		050F68642C08B35000A42AB4 /* Debug */ = {
			isa = XCBuildConfiguration;
			buildSettings = {
				ASSETCATALOG_COMPILER_APPICON_NAME = AppIcon;
				ASSETCATALOG_COMPILER_GLOBAL_ACCENT_COLOR_NAME = AccentColor;
				CODE_SIGN_STYLE = Automatic;
				CURRENT_PROJECT_VERSION = 1;
				DEVELOPMENT_ASSET_PATHS = "\"InspirationQuote/Preview Content\"";
				ENABLE_PREVIEWS = YES;
				GENERATE_INFOPLIST_FILE = YES;
				INFOPLIST_KEY_UIApplicationSceneManifest_Generation = YES;
				INFOPLIST_KEY_UIApplicationSupportsIndirectInputEvents = YES;
				INFOPLIST_KEY_UILaunchScreen_Generation = YES;
				INFOPLIST_KEY_UISupportedInterfaceOrientations_iPad = "UIInterfaceOrientationPortrait UIInterfaceOrientationPortraitUpsideDown UIInterfaceOrientationLandscapeLeft UIInterfaceOrientationLandscapeRight";
				INFOPLIST_KEY_UISupportedInterfaceOrientations_iPhone = "UIInterfaceOrientationPortrait UIInterfaceOrientationLandscapeLeft UIInterfaceOrientationLandscapeRight";
				LD_RUNPATH_SEARCH_PATHS = (
					"$(inherited)",
					"@executable_path/Frameworks",
				);
				MARKETING_VERSION = 1.0;
				PRODUCT_BUNDLE_IDENTIFIER = ivandzz.InspirationQuote;
				PRODUCT_NAME = "$(TARGET_NAME)";
				SWIFT_EMIT_LOC_STRINGS = YES;
				SWIFT_VERSION = 5.0;
				TARGETED_DEVICE_FAMILY = "1,2";
			};
			name = Debug;
		};
		050F68652C08B35000A42AB4 /* Release */ = {
			isa = XCBuildConfiguration;
			buildSettings = {
				ASSETCATALOG_COMPILER_APPICON_NAME = AppIcon;
				ASSETCATALOG_COMPILER_GLOBAL_ACCENT_COLOR_NAME = AccentColor;
				CODE_SIGN_STYLE = Automatic;
				CURRENT_PROJECT_VERSION = 1;
				DEVELOPMENT_ASSET_PATHS = "\"InspirationQuote/Preview Content\"";
				ENABLE_PREVIEWS = YES;
				GENERATE_INFOPLIST_FILE = YES;
				INFOPLIST_KEY_UIApplicationSceneManifest_Generation = YES;
				INFOPLIST_KEY_UIApplicationSupportsIndirectInputEvents = YES;
				INFOPLIST_KEY_UILaunchScreen_Generation = YES;
				INFOPLIST_KEY_UISupportedInterfaceOrientations_iPad = "UIInterfaceOrientationPortrait UIInterfaceOrientationPortraitUpsideDown UIInterfaceOrientationLandscapeLeft UIInterfaceOrientationLandscapeRight";
				INFOPLIST_KEY_UISupportedInterfaceOrientations_iPhone = "UIInterfaceOrientationPortrait UIInterfaceOrientationLandscapeLeft UIInterfaceOrientationLandscapeRight";
				LD_RUNPATH_SEARCH_PATHS = (
					"$(inherited)",
					"@executable_path/Frameworks",
				);
				MARKETING_VERSION = 1.0;
				PRODUCT_BUNDLE_IDENTIFIER = ivandzz.InspirationQuote;
				PRODUCT_NAME = "$(TARGET_NAME)";
				SWIFT_EMIT_LOC_STRINGS = YES;
				SWIFT_VERSION = 5.0;
				TARGETED_DEVICE_FAMILY = "1,2";
			};
			name = Release;
		};
/* End XCBuildConfiguration section */

/* Begin XCConfigurationList section */
		050F68502C08B34F00A42AB4 /* Build configuration list for PBXProject "InspirationQuote" */ = {
			isa = XCConfigurationList;
			buildConfigurations = (
				050F68612C08B35000A42AB4 /* Debug */,
				050F68622C08B35000A42AB4 /* Release */,
			);
			defaultConfigurationIsVisible = 0;
			defaultConfigurationName = Release;
		};
		050F68632C08B35000A42AB4 /* Build configuration list for PBXNativeTarget "InspirationQuote" */ = {
			isa = XCConfigurationList;
			buildConfigurations = (
				050F68642C08B35000A42AB4 /* Debug */,
				050F68652C08B35000A42AB4 /* Release */,
			);
			defaultConfigurationIsVisible = 0;
			defaultConfigurationName = Release;
		};
/* End XCConfigurationList section */
	};
	rootObject = 050F684D2C08B34F00A42AB4 /* Project object */;
}
